# THIS IS AN AUTOGENERATED FILE. DO NOT EDIT THIS FILE DIRECTLY.
# yarn lockfile v1


"@bufbuild/protobuf@^1.1.1":
  version "1.2.0"
  resolved "https://registry.yarnpkg.com/@bufbuild/protobuf/-/protobuf-1.2.0.tgz#7efd5d4aa0540b108eb3b89b42507739e0974299"
  integrity sha512-MBVuQMOBHxgGnZ9XCUIi8WOy5O/T4ma3TduCRhRvndv3UDbG9cHgd8h6nOYSGyBYPEvXf1z9nTwhp8mVIDbq2g==

"@observertc/observer-js@file:../../observer-js":
  version "2.0.0"
  dependencies:
    "@bufbuild/protobuf" "^1.1.1"
    "@observertc/report-schemas-js" "2.2.1-rc.0"
    "@observertc/sample-schemas-js" "2.2.1-rc.0"
    "@types/events" "^3.0.0"
    "@types/uuid" "^8.3.4"
    uuid "^8.3.2"

"@observertc/report-schemas-js@2.2.1-rc.0":
  version "2.2.1-rc.0"
  resolved "https://registry.yarnpkg.com/@observertc/report-schemas-js/-/report-schemas-js-2.2.1-rc.0.tgz#c082d649e23a9af5cd9089c7fe176d7a09fa8479"
  integrity sha512-SX6vt0HxCEhUU3p4LwiUAgJkcBRso2xfCTQnAZTy7W3rk7c4nxjLsWadnDgfc31UyV4ZATIzp5hmz5m3xtdzOw==

"@observertc/sample-schemas-js@2.2.1-rc.0":
  version "2.2.1-rc.0"
  resolved "https://registry.yarnpkg.com/@observertc/sample-schemas-js/-/sample-schemas-js-2.2.1-rc.0.tgz#db4555cc795616b0649c7d3bf516ca4f85981e37"
  integrity sha512-pg+YeLi5rXx9ggXNbZe5QJ1vrpUdMxbw+Xfd0xG/B7Cf3sXcWQzDrIsts7on2jHcIY+rODV8WFaIMfmCHdIBVQ==

"@types/events@^3.0.0":
  version "3.0.0"
  resolved "https://registry.npmjs.org/@types/events/-/events-3.0.0.tgz"
  integrity sha512-EaObqwIvayI5a8dCzhFrjKzVwKLxjoG9T6Ppd5CEo07LRKfQ8Yokw54r5+Wq7FaBQ+yXRvQAYPrHwya1/UFt9g==

"@types/node@*", "@types/node@^18.11.9":
  version "18.11.9"
  resolved "https://registry.npmjs.org/@types/node/-/node-18.11.9.tgz"
  integrity sha512-CRpX21/kGdzjOpFsZSkcrXMGIBWMGNIHXXBVFSH+ggkftxg+XYP20TESbh+zFvFj3EQOl5byk0HTRn1IL6hbqg==

"@types/uuid@^8.3.3", "@types/uuid@^8.3.4":
  version "8.3.4"
  resolved "https://registry.npmjs.org/@types/uuid/-/uuid-8.3.4.tgz"
  integrity sha512-c/I8ZRb51j+pYGAu5CrFMRxqZ2ke4y2grEBO5AUjgSkSk+qT2Ea+OdWElz/OiMf5MNpn2b17kuVBwZLQJXzihw==

"@types/ws@^8.2.2":
  version "8.5.3"
  resolved "https://registry.npmjs.org/@types/ws/-/ws-8.5.3.tgz"
  integrity sha512-6YOoWjruKj1uLf3INHH7D3qTXwFfEsg1kf3c0uDdSBJwfa/llkwIjrAGV7j7mVgGNbzTQ3HiHKKDXl6bJPD97w==
  dependencies:
    "@types/node" "*"

bintrees@1.0.2:
  version "1.0.2"
  resolved "https://registry.yarnpkg.com/bintrees/-/bintrees-1.0.2.tgz#49f896d6e858a4a499df85c38fb399b9aff840f8"
  integrity sha512-VOMgTMwjAaUG580SXn3LacVgjurrbMme7ZZNYGSSV7mmtY6QQRh0Eg3pwIcntQ77DErK1L0NxkbetjcoXzVwKw==

debug@^4.1.1, debug@^4.3.4:
  version "4.3.4"
  resolved "https://registry.npmjs.org/debug/-/debug-4.3.4.tgz"
  integrity sha512-PRWFHuSU3eDtQJPvnNY7Jcket1j0t5OuOsFzPPzsekD52Zl8qUfFIPEiswXqIvHWGVHOgX+7G/vCNNhehwxfkQ==
  dependencies:
    ms "2.1.2"

events@^3.3.0:
  version "3.3.0"
  resolved "https://registry.npmjs.org/events/-/events-3.3.0.tgz"
  integrity sha512-mQw+2fkQbALzQ7V0MY0IqdnXNOeTtP4r0lN9z7AAawCXgqea7bDii20AYrIBrFd/Hx0M2Ocz6S111CaFkUcb0Q==

h264-profile-level-id@^1.0.1:
  version "1.0.1"
  resolved "https://registry.npmjs.org/h264-profile-level-id/-/h264-profile-level-id-1.0.1.tgz"
  integrity sha512-D3Rln/jKNjKDW5ZTJTK3niSoOGE+pFqPvRHHVgQN3G7umcn/zWGPUo8Q8VpDj16x3hKz++zVviRNRmXu5cpN+Q==
  dependencies:
    debug "^4.1.1"

mediasoup@^3.10.0:
  version "3.11.3"
  resolved "https://registry.npmjs.org/mediasoup/-/mediasoup-3.11.3.tgz"
  integrity sha512-Fh2fngO9E3j2N8v0d/gWr/zP9e+bMa3cZLg5UkF49Bv95ctooh4PqKBGxVicZlA/aOsd2Ne36gyai0b7zWWKBA==
  dependencies:
    "@types/node" "^18.11.9"
    debug "^4.3.4"
    h264-profile-level-id "^1.0.1"
    supports-color "^9.2.3"
    uuid "^9.0.0"

ms@2.1.2:
  version "2.1.2"
  resolved "https://registry.npmjs.org/ms/-/ms-2.1.2.tgz"
  integrity sha512-sGkPx+VjMtmA6MX27oA4FBFELFCZZ4S4XqeGOXCv68tT+jb3vk/RyaKWP0PTKyWtmLSM0b+adUTEvbs1PEaH2w==

prom-client@^14.2.0:
  version "14.2.0"
  resolved "https://registry.yarnpkg.com/prom-client/-/prom-client-14.2.0.tgz#ca94504e64156f6506574c25fb1c34df7812cf11"
  integrity sha512-sF308EhTenb/pDRPakm+WgiN+VdM/T1RaHj1x+MvAuT8UiQP8JmOEbxVqtkbfR4LrvOg5n7ic01kRBDGXjYikA==
  dependencies:
    tdigest "^0.1.1"

supports-color@^9.2.3:
  version "9.2.3"
  resolved "https://registry.npmjs.org/supports-color/-/supports-color-9.2.3.tgz"
  integrity sha512-aszYUX/DVK/ed5rFLb/dDinVJrQjG/vmU433wtqVSD800rYsJNWxh2R3USV90aLSU+UsyQkbNeffVLzc6B6foA==

tdigest@^0.1.1:
  version "0.1.2"
  resolved "https://registry.yarnpkg.com/tdigest/-/tdigest-0.1.2.tgz#96c64bac4ff10746b910b0e23b515794e12faced"
  integrity sha512-+G0LLgjjo9BZX2MfdvPfH+MKLCrxlXSYec5DaPYP1fe6Iyhf0/fSmJ0bFiZ1F8BT6cGXl2LpltQptzjXKWEkKA==
  dependencies:
    bintrees "1.0.2"

uuid@^8.3.2:
  version "8.3.2"
  resolved "https://registry.npmjs.org/uuid/-/uuid-8.3.2.tgz"
  integrity sha512-+NYs2QeMWy+GWFOEm9xnn6HCDp0l7QBD7ml8zLUmJ+93Q5NF0NocErnwkTkXVFNiX3/fpC6afS8Dhb/gz7R7eg==

uuid@^9.0.0:
  version "9.0.0"
  resolved "https://registry.npmjs.org/uuid/-/uuid-9.0.0.tgz"
  integrity sha512-MXcSTerfPa4uqyzStbRoTgt5XIe3x5+42+q1sDuy3R5MDk66URdLMOZe5aPX/SQd+kuYAh0FdP/pO28IkQyTeg==

ws@^8.8.0:
  version "8.11.0"
  resolved "https://registry.npmjs.org/ws/-/ws-8.11.0.tgz"
  integrity sha512-HPG3wQd9sNQoT9xHyNCXoDUa+Xw/VevmY9FoHyQ+g+rrMn4j6FB4np7Z0OhdTgjx6MgQLK7jwSy1YecU1+4Asg==

yargs-parser@^21.1.1:
  version "21.1.1"
  resolved "https://registry.yarnpkg.com/yargs-parser/-/yargs-parser-21.1.1.tgz#9096bceebf990d21bb31fa9516e0ede294a77d35"
  integrity sha512-tVpsJW7DdjecAiFpbIB1e3qxIQsE6NoPc5/eTdrbbIC4h0LVsWhnoa3g+m2HclBIujHzsxZ4VJVA+GUuc2/LBw==
